
Microsoft Visual Studio Solution File, Format Version 11.00
# Visual C# Express 2010
Project("{FAE04EC0-301F-11D3-BF4B-00C04F79EFBC}") = "Exilania", "Exilania\Exilania\Exilania.csproj", "{833F27CB-9786-4183-B099-0528D01123BD}"
EndProject
Project("{FAE04EC0-301F-11D3-BF4B-00C04F79EFBC}") = "ExilaniaContent", "Exilania\ExilaniaContent\ExilaniaContent.contentproj", "{CD16280F-D152-4DEA-BBEA-3AC9341288E4}"
EndProject
Project("{FAE04EC0-301F-11D3-BF4B-00C04F79EFBC}") = "Lidgren.Network", "Lidgren-network-gen3\Lidgren.Network\Lidgren.Network.csproj", "{49BA1C69-6104-41AC-A5D8-B54FA9F696E8}"
EndProject
Global
	GlobalSection(SolutionConfigurationPlatforms) = preSolution
		Debug|Any CPU = Debug|Any CPU
		Debug|Mixed Platforms = Debug|Mixed Platforms
		Debug|x86 = Debug|x86
		Release|Any CPU = Release|Any CPU
		Release|Mixed Platforms = Release|Mixed Platforms
		Release|x86 = Release|x86
	EndGlobalSection
	GlobalSection(ProjectConfigurationPlatforms) = postSolution
		{833F27CB-9786-4183-B099-0528D01123BD}.Debug|Any CPU.ActiveCfg = Debug|x86
		{833F27CB-9786-4183-B099-0528D01123BD}.Debug|Mixed Platforms.ActiveCfg = Debug|x86
		{833F27CB-9786-4183-B099-0528D01123BD}.Debug|Mixed Platforms.Build.0 = Debug|x86
		{833F27CB-9786-4183-B099-0528D01123BD}.Debug|x86.ActiveCfg = Debug|x86
		{833F27CB-9786-4183-B099-0528D01123BD}.Debug|x86.Build.0 = Debug|x86
		{833F27CB-9786-4183-B099-0528D01123BD}.Release|Any CPU.ActiveCfg = Release|x86
		{833F27CB-9786-4183-B099-0528D01123BD}.Release|Mixed Platforms.ActiveCfg = Release|x86
		{833F27CB-9786-4183-B099-0528D01123BD}.Release|Mixed Platforms.Build.0 = Release|x86
		{833F27CB-9786-4183-B099-0528D01123BD}.Release|x86.ActiveCfg = Release|x86
		{833F27CB-9786-4183-B099-0528D01123BD}.Release|x86.Build.0 = Release|x86
		{CD16280F-D152-4DEA-BBEA-3AC9341288E4}.Debug|Any CPU.ActiveCfg = Debug|x86
		{CD16280F-D152-4DEA-BBEA-3AC9341288E4}.Debug|Mixed Platforms.ActiveCfg = Debug|x86
		{CD16280F-D152-4DEA-BBEA-3AC9341288E4}.Debug|x86.ActiveCfg = Debug|x86
		{CD16280F-D152-4DEA-BBEA-3AC9341288E4}.Release|Any CPU.ActiveCfg = Release|x86
		{CD16280F-D152-4DEA-BBEA-3AC9341288E4}.Release|Mixed Platforms.ActiveCfg = Release|x86
		{CD16280F-D152-4DEA-BBEA-3AC9341288E4}.Release|x86.ActiveCfg = Release|x86
		{49BA1C69-6104-41AC-A5D8-B54FA9F696E8}.Debug|Any CPU.ActiveCfg = Debug|Any CPU
		{49BA1C69-6104-41AC-A5D8-B54FA9F696E8}.Debug|Any CPU.Build.0 = Debug|Any CPU
		{49BA1C69-6104-41AC-A5D8-B54FA9F696E8}.Debug|Mixed Platforms.ActiveCfg = Debug|Any CPU
		{49BA1C69-6104-41AC-A5D8-B54FA9F696E8}.Debug|Mixed Platforms.Build.0 = Debug|Any CPU
		{49BA1C69-6104-41AC-A5D8-B54FA9F696E8}.Debug|x86.ActiveCfg = Debug|Any CPU
		{49BA1C69-6104-41AC-A5D8-B54FA9F696E8}.Release|Any CPU.ActiveCfg = Release|Any CPU
		{49BA1C69-6104-41AC-A5D8-B54FA9F696E8}.Release|Any CPU.Build.0 = Release|Any CPU
		{49BA1C69-6104-41AC-A5D8-B54FA9F696E8}.Release|Mixed Platforms.ActiveCfg = Release|Any CPU
		{49BA1C69-6104-41AC-A5D8-B54FA9F696E8}.Release|Mixed Platforms.Build.0 = Release|Any CPU
		{49BA1C69-6104-41AC-A5D8-B54FA9F696E8}.Release|x86.ActiveCfg = Release|Any CPU
	EndGlobalSection
	GlobalSection(SolutionProperties) = preSolution
		HideSolutionNode = FALSE
	EndGlobalSection
EndGlobal
